
Microsoft Visual Studio Solution File, Format Version 12.00
# Visual Studio Version 17
VisualStudioVersion = 17.14.36414.22
MinimumVisualStudioVersion = 10.0.40219.1
Project("{2150E333-8FDC-42A3-9474-1A3956D46DE8}") = "Task0", "Task0", "{02EA681E-C7D8-13C7-8484-4AC65E1B71E8}"
EndProject
Project("{FAE04EC0-301F-11D3-BF4B-00C04F79EFBC}") = "Tyuiu.BurmistrovNS.Sprint1.Task0.V23", "Tyuiu.BurmistrovNS.Sprint1.Task0.V23\Tyuiu.BurmistrovNS.Sprint1.Task0.V23.csproj", "{92809641-F9D0-46CE-95AD-64BF11B82C0A}"
EndProject
Project("{FAE04EC0-301F-11D3-BF4B-00C04F79EFBC}") = "Tyuiu.BurmistrovNS.Sprint1.Task0.V23.Lib", "Tyuiu.BurmistrovNS.Sprint1.Task0.V23.Lib\Tyuiu.BurmistrovNS.Sprint1.Task0.V23.Lib.csproj", "{697B819D-8C31-49DA-A5B2-54888A4A9B79}"
EndProject
Project("{FAE04EC0-301F-11D3-BF4B-00C04F79EFBC}") = "Tyuiu.BurmistrovNS.Sprint1.Task0.V23.Test", "Tyuiu.BurmistrovNS.Sprint1.Task0.V23.Test\Tyuiu.BurmistrovNS.Sprint1.Task0.V23.Test.csproj", "{1DE09069-308B-490F-BBDD-7012A5D05D6F}"
EndProject
Project("{2150E333-8FDC-42A3-9474-1A3956D46DE8}") = "Task1", "Task1", "{C0B1D702-2A84-4B8F-A06A-C1AB8F799A89}"
EndProject
Project("{FAE04EC0-301F-11D3-BF4B-00C04F79EFBC}") = "Tyuiu.BurmistrovNS.Sprint1.Task1.V5", "Tyuiu.BurmistrovNS.Sprint1.Task1.V5\Tyuiu.BurmistrovNS.Sprint1.Task1.V5.csproj", "{4E8545D2-11DE-4A6A-8B37-C943B7764C54}"
EndProject
Project("{FAE04EC0-301F-11D3-BF4B-00C04F79EFBC}") = "Tyuiu.BurmistrovNS.Sprint1.Task1.V5.Lib", "Tyuiu.BurmistrovNS.Sprint1.Task1.V5.Lib\Tyuiu.BurmistrovNS.Sprint1.Task1.V5.Lib.csproj", "{C5543984-C0AB-4C10-8713-6C3B38B76DBF}"
EndProject
Project("{FAE04EC0-301F-11D3-BF4B-00C04F79EFBC}") = "Tyuiu.BurmistrovNS.Sprint1.Task1.V5.Test", "Tyuiu.BurmistrovNS.Sprint1.Task1.V5.Test\Tyuiu.BurmistrovNS.Sprint1.Task1.V5.Test.csproj", "{0F817951-81D1-477B-9BA9-21B2F8D26103}"
EndProject
Project("{2150E333-8FDC-42A3-9474-1A3956D46DE8}") = "Task2", "Task2", "{828E3279-6D01-4FB2-B9AB-D9CD24437A13}"
EndProject
Project("{FAE04EC0-301F-11D3-BF4B-00C04F79EFBC}") = "Tyuiu.BurmistrovNS.Sprint1.Task2.V11", "Tyuiu.BurmistrovNS.Sprint1.Task2.V11\Tyuiu.BurmistrovNS.Sprint1.Task2.V11.csproj", "{6B097C9C-3EE5-4CB6-8600-BA7FF85D5B54}"
EndProject
Project("{FAE04EC0-301F-11D3-BF4B-00C04F79EFBC}") = "Tyuiu.BurmistrovNS.Sprint1.Task2.V11.Lib", "Tyuiu.BurmistrovNS.Sprint1.Task2.V11.Lib\Tyuiu.BurmistrovNS.Sprint1.Task2.V11.Lib.csproj", "{3EF4E03B-B6DC-4EF8-A92B-128A58178899}"
EndProject
Project("{FAE04EC0-301F-11D3-BF4B-00C04F79EFBC}") = "Tyuiu.BurmistrovNS.Sprint1.Task2.V11.Test", "Tyuiu.BurmistrovNS.Sprint1.Task2.V11.Test\Tyuiu.BurmistrovNS.Sprint1.Task2.V11.Test.csproj", "{961A74DD-ED54-4261-9FA9-610916D22A0E}"
EndProject
Project("{2150E333-8FDC-42A3-9474-1A3956D46DE8}") = "Task3", "Task3", "{19929111-7CA4-49F6-B5AC-CC1A1F2259E1}"
EndProject
Project("{FAE04EC0-301F-11D3-BF4B-00C04F79EFBC}") = "Tyuiu.BurmistrovNS.Sprint1.Task3.V7", "Tyuiu.BurmistrovNS.Sprint1.Task3.V7\Tyuiu.BurmistrovNS.Sprint1.Task3.V7.csproj", "{7584794B-4E30-4860-8AD0-27212D8FFBA2}"
EndProject
Project("{FAE04EC0-301F-11D3-BF4B-00C04F79EFBC}") = "Tyuiu.BurmistrovNS.Sprint1.Task3.V7.Lib", "Tyuiu.BurmistrovNS.Sprint1.Task3.V7.Lib\Tyuiu.BurmistrovNS.Sprint1.Task3.V7.Lib.csproj", "{453C4370-E0D7-4862-AA99-CEA53735FD6B}"
EndProject
Project("{FAE04EC0-301F-11D3-BF4B-00C04F79EFBC}") = "Tyuiu.BurmistrovNS.Sprint1.Task3.V7.Test", "Tyuiu.BurmistrovNS.Sprint1.Task3.V7.Test\Tyuiu.BurmistrovNS.Sprint1.Task3.V7.Test.csproj", "{4F2AA13D-CFD1-4F6B-81DB-99CFF764D167}"
EndProject
Global
	GlobalSection(SolutionConfigurationPlatforms) = preSolution
		Debug|Any CPU = Debug|Any CPU
		Release|Any CPU = Release|Any CPU
	EndGlobalSection
	GlobalSection(ProjectConfigurationPlatforms) = postSolution
		{92809641-F9D0-46CE-95AD-64BF11B82C0A}.Debug|Any CPU.ActiveCfg = Debug|Any CPU
		{92809641-F9D0-46CE-95AD-64BF11B82C0A}.Debug|Any CPU.Build.0 = Debug|Any CPU
		{92809641-F9D0-46CE-95AD-64BF11B82C0A}.Release|Any CPU.ActiveCfg = Release|Any CPU
		{92809641-F9D0-46CE-95AD-64BF11B82C0A}.Release|Any CPU.Build.0 = Release|Any CPU
		{697B819D-8C31-49DA-A5B2-54888A4A9B79}.Debug|Any CPU.ActiveCfg = Debug|Any CPU
		{697B819D-8C31-49DA-A5B2-54888A4A9B79}.Debug|Any CPU.Build.0 = Debug|Any CPU
		{697B819D-8C31-49DA-A5B2-54888A4A9B79}.Release|Any CPU.ActiveCfg = Release|Any CPU
		{697B819D-8C31-49DA-A5B2-54888A4A9B79}.Release|Any CPU.Build.0 = Release|Any CPU
		{1DE09069-308B-490F-BBDD-7012A5D05D6F}.Debug|Any CPU.ActiveCfg = Debug|Any CPU
		{1DE09069-308B-490F-BBDD-7012A5D05D6F}.Debug|Any CPU.Build.0 = Debug|Any CPU
		{1DE09069-308B-490F-BBDD-7012A5D05D6F}.Release|Any CPU.ActiveCfg = Release|Any CPU
		{1DE09069-308B-490F-BBDD-7012A5D05D6F}.Release|Any CPU.Build.0 = Release|Any CPU
		{4E8545D2-11DE-4A6A-8B37-C943B7764C54}.Debug|Any CPU.ActiveCfg = Debug|Any CPU
		{4E8545D2-11DE-4A6A-8B37-C943B7764C54}.Debug|Any CPU.Build.0 = Debug|Any CPU
		{4E8545D2-11DE-4A6A-8B37-C943B7764C54}.Release|Any CPU.ActiveCfg = Release|Any CPU
		{4E8545D2-11DE-4A6A-8B37-C943B7764C54}.Release|Any CPU.Build.0 = Release|Any CPU
		{C5543984-C0AB-4C10-8713-6C3B38B76DBF}.Debug|Any CPU.ActiveCfg = Debug|Any CPU
		{C5543984-C0AB-4C10-8713-6C3B38B76DBF}.Debug|Any CPU.Build.0 = Debug|Any CPU
		{C5543984-C0AB-4C10-8713-6C3B38B76DBF}.Release|Any CPU.ActiveCfg = Release|Any CPU
		{C5543984-C0AB-4C10-8713-6C3B38B76DBF}.Release|Any CPU.Build.0 = Release|Any CPU
		{0F817951-81D1-477B-9BA9-21B2F8D26103}.Debug|Any CPU.ActiveCfg = Debug|Any CPU
		{0F817951-81D1-477B-9BA9-21B2F8D26103}.Debug|Any CPU.Build.0 = Debug|Any CPU
		{0F817951-81D1-477B-9BA9-21B2F8D26103}.Release|Any CPU.ActiveCfg = Release|Any CPU
		{0F817951-81D1-477B-9BA9-21B2F8D26103}.Release|Any CPU.Build.0 = Release|Any CPU
		{6B097C9C-3EE5-4CB6-8600-BA7FF85D5B54}.Debug|Any CPU.ActiveCfg = Debug|Any CPU
		{6B097C9C-3EE5-4CB6-8600-BA7FF85D5B54}.Debug|Any CPU.Build.0 = Debug|Any CPU
		{6B097C9C-3EE5-4CB6-8600-BA7FF85D5B54}.Release|Any CPU.ActiveCfg = Release|Any CPU
		{6B097C9C-3EE5-4CB6-8600-BA7FF85D5B54}.Release|Any CPU.Build.0 = Release|Any CPU
		{3EF4E03B-B6DC-4EF8-A92B-128A58178899}.Debug|Any CPU.ActiveCfg = Debug|Any CPU
		{3EF4E03B-B6DC-4EF8-A92B-128A58178899}.Debug|Any CPU.Build.0 = Debug|Any CPU
		{3EF4E03B-B6DC-4EF8-A92B-128A58178899}.Release|Any CPU.ActiveCfg = Release|Any CPU
		{3EF4E03B-B6DC-4EF8-A92B-128A58178899}.Release|Any CPU.Build.0 = Release|Any CPU
		{961A74DD-ED54-4261-9FA9-610916D22A0E}.Debug|Any CPU.ActiveCfg = Debug|Any CPU
		{961A74DD-ED54-4261-9FA9-610916D22A0E}.Debug|Any CPU.Build.0 = Debug|Any CPU
		{961A74DD-ED54-4261-9FA9-610916D22A0E}.Release|Any CPU.ActiveCfg = Release|Any CPU
		{961A74DD-ED54-4261-9FA9-610916D22A0E}.Release|Any CPU.Build.0 = Release|Any CPU
		{7584794B-4E30-4860-8AD0-27212D8FFBA2}.Debug|Any CPU.ActiveCfg = Debug|Any CPU
		{7584794B-4E30-4860-8AD0-27212D8FFBA2}.Debug|Any CPU.Build.0 = Debug|Any CPU
		{7584794B-4E30-4860-8AD0-27212D8FFBA2}.Release|Any CPU.ActiveCfg = Release|Any CPU
		{7584794B-4E30-4860-8AD0-27212D8FFBA2}.Release|Any CPU.Build.0 = Release|Any CPU
		{453C4370-E0D7-4862-AA99-CEA53735FD6B}.Debug|Any CPU.ActiveCfg = Debug|Any CPU
		{453C4370-E0D7-4862-AA99-CEA53735FD6B}.Debug|Any CPU.Build.0 = Debug|Any CPU
		{453C4370-E0D7-4862-AA99-CEA53735FD6B}.Release|Any CPU.ActiveCfg = Release|Any CPU
		{453C4370-E0D7-4862-AA99-CEA53735FD6B}.Release|Any CPU.Build.0 = Release|Any CPU
		{4F2AA13D-CFD1-4F6B-81DB-99CFF764D167}.Debug|Any CPU.ActiveCfg = Debug|Any CPU
		{4F2AA13D-CFD1-4F6B-81DB-99CFF764D167}.Debug|Any CPU.Build.0 = Debug|Any CPU
		{4F2AA13D-CFD1-4F6B-81DB-99CFF764D167}.Release|Any CPU.ActiveCfg = Release|Any CPU
		{4F2AA13D-CFD1-4F6B-81DB-99CFF764D167}.Release|Any CPU.Build.0 = Release|Any CPU
	EndGlobalSection
	GlobalSection(SolutionProperties) = preSolution
		HideSolutionNode = FALSE
	EndGlobalSection
	GlobalSection(NestedProjects) = preSolution
		{92809641-F9D0-46CE-95AD-64BF11B82C0A} = {02EA681E-C7D8-13C7-8484-4AC65E1B71E8}
		{697B819D-8C31-49DA-A5B2-54888A4A9B79} = {02EA681E-C7D8-13C7-8484-4AC65E1B71E8}
		{1DE09069-308B-490F-BBDD-7012A5D05D6F} = {02EA681E-C7D8-13C7-8484-4AC65E1B71E8}
		{4E8545D2-11DE-4A6A-8B37-C943B7764C54} = {C0B1D702-2A84-4B8F-A06A-C1AB8F799A89}
		{C5543984-C0AB-4C10-8713-6C3B38B76DBF} = {C0B1D702-2A84-4B8F-A06A-C1AB8F799A89}
		{0F817951-81D1-477B-9BA9-21B2F8D26103} = {C0B1D702-2A84-4B8F-A06A-C1AB8F799A89}
		{6B097C9C-3EE5-4CB6-8600-BA7FF85D5B54} = {828E3279-6D01-4FB2-B9AB-D9CD24437A13}
		{3EF4E03B-B6DC-4EF8-A92B-128A58178899} = {828E3279-6D01-4FB2-B9AB-D9CD24437A13}
		{961A74DD-ED54-4261-9FA9-610916D22A0E} = {828E3279-6D01-4FB2-B9AB-D9CD24437A13}
		{7584794B-4E30-4860-8AD0-27212D8FFBA2} = {19929111-7CA4-49F6-B5AC-CC1A1F2259E1}
		{453C4370-E0D7-4862-AA99-CEA53735FD6B} = {19929111-7CA4-49F6-B5AC-CC1A1F2259E1}
		{4F2AA13D-CFD1-4F6B-81DB-99CFF764D167} = {19929111-7CA4-49F6-B5AC-CC1A1F2259E1}
	EndGlobalSection
	GlobalSection(ExtensibilityGlobals) = postSolution
		SolutionGuid = {BAD14853-A90A-4CB4-A1F9-379FF4964A8F}
	EndGlobalSection
EndGlobal
